// !$*UTF8*$!
{
	archiveVersion = 1;
	classes = {
	};
	objectVersion = 56;
	objects = {

/* Begin PBXBuildFile section */
		8E9BA1062994FB0300F319F3 /* AppDelegate.swift in Sources */ = {isa = PBXBuildFile; fileRef = 8E9BA1052994FB0300F319F3 /* AppDelegate.swift */; };
		8E9BA1082994FB0300F319F3 /* SceneDelegate.swift in Sources */ = {isa = PBXBuildFile; fileRef = 8E9BA1072994FB0300F319F3 /* SceneDelegate.swift */; };
		8E9BA10A2994FB0300F319F3 /* SignUpVC.swift in Sources */ = {isa = PBXBuildFile; fileRef = 8E9BA1092994FB0300F319F3 /* SignUpVC.swift */; };
		8E9BA10D2994FB0300F319F3 /* Main.storyboard in Resources */ = {isa = PBXBuildFile; fileRef = 8E9BA10B2994FB0300F319F3 /* Main.storyboard */; };
		8E9BA10F2994FB0400F319F3 /* Assets.xcassets in Resources */ = {isa = PBXBuildFile; fileRef = 8E9BA10E2994FB0400F319F3 /* Assets.xcassets */; };
		8E9BA1122994FB0400F319F3 /* LaunchScreen.storyboard in Resources */ = {isa = PBXBuildFile; fileRef = 8E9BA1102994FB0400F319F3 /* LaunchScreen.storyboard */; };
		8E9BA11C2995198500F319F3 /* PlacesVC.swift in Sources */ = {isa = PBXBuildFile; fileRef = 8E9BA11B2995198500F319F3 /* PlacesVC.swift */; };
		8E9BA11E2995215E00F319F3 /* AddPlaceVC.swift in Sources */ = {isa = PBXBuildFile; fileRef = 8E9BA11D2995215E00F319F3 /* AddPlaceVC.swift */; };
		8E9BA1202995224C00F319F3 /* MapVC.swift in Sources */ = {isa = PBXBuildFile; fileRef = 8E9BA11F2995224C00F319F3 /* MapVC.swift */; };
		8E9BA122299525F900F319F3 /* DetailVC.swift in Sources */ = {isa = PBXBuildFile; fileRef = 8E9BA121299525F900F319F3 /* DetailVC.swift */; };
		8E9BA12429952AC600F319F3 /* PlaceModel.swift in Sources */ = {isa = PBXBuildFile; fileRef = 8E9BA12329952AC600F319F3 /* PlaceModel.swift */; };
		BBBB6B1F98C8AD0637E2FB4D /* Pods_FourSquareClonePod.framework in Frameworks */ = {isa = PBXBuildFile; fileRef = 15479B3947A536B819EA074C /* Pods_FourSquareClonePod.framework */; };
/* End PBXBuildFile section */

/* Begin PBXFileReference section */
		15479B3947A536B819EA074C /* Pods_FourSquareClonePod.framework */ = {isa = PBXFileReference; explicitFileType = wrapper.framework; includeInIndex = 0; path = Pods_FourSquareClonePod.framework; sourceTree = BUILT_PRODUCTS_DIR; };
		5CF396C3B3CFA626079F4F14 /* Pods-FourSquareClonePod.debug.xcconfig */ = {isa = PBXFileReference; includeInIndex = 1; lastKnownFileType = text.xcconfig; name = "Pods-FourSquareClonePod.debug.xcconfig"; path = "Target Support Files/Pods-FourSquareClonePod/Pods-FourSquareClonePod.debug.xcconfig"; sourceTree = "<group>"; };
		8E9BA1022994FB0300F319F3 /* FourSquareClonePod.app */ = {isa = PBXFileReference; explicitFileType = wrapper.application; includeInIndex = 0; path = FourSquareClonePod.app; sourceTree = BUILT_PRODUCTS_DIR; };
		8E9BA1052994FB0300F319F3 /* AppDelegate.swift */ = {isa = PBXFileReference; lastKnownFileType = sourcecode.swift; path = AppDelegate.swift; sourceTree = "<group>"; };
		8E9BA1072994FB0300F319F3 /* SceneDelegate.swift */ = {isa = PBXFileReference; lastKnownFileType = sourcecode.swift; path = SceneDelegate.swift; sourceTree = "<group>"; };
		8E9BA1092994FB0300F319F3 /* SignUpVC.swift */ = {isa = PBXFileReference; lastKnownFileType = sourcecode.swift; path = SignUpVC.swift; sourceTree = "<group>"; };
		8E9BA10C2994FB0300F319F3 /* Base */ = {isa = PBXFileReference; lastKnownFileType = file.storyboard; name = Base; path = Base.lproj/Main.storyboard; sourceTree = "<group>"; };
		8E9BA10E2994FB0400F319F3 /* Assets.xcassets */ = {isa = PBXFileReference; lastKnownFileType = folder.assetcatalog; path = Assets.xcassets; sourceTree = "<group>"; };
		8E9BA1112994FB0400F319F3 /* Base */ = {isa = PBXFileReference; lastKnownFileType = file.storyboard; name = Base; path = Base.lproj/LaunchScreen.storyboard; sourceTree = "<group>"; };
		8E9BA1132994FB0400F319F3 /* Info.plist */ = {isa = PBXFileReference; lastKnownFileType = text.plist.xml; path = Info.plist; sourceTree = "<group>"; };
		8E9BA1192994FEA800F319F3 /* ParseSwift.framework */ = {isa = PBXFileReference; explicitFileType = wrapper.framework; path = ParseSwift.framework; sourceTree = BUILT_PRODUCTS_DIR; };
		8E9BA11B2995198500F319F3 /* PlacesVC.swift */ = {isa = PBXFileReference; lastKnownFileType = sourcecode.swift; path = PlacesVC.swift; sourceTree = "<group>"; };
		8E9BA11D2995215E00F319F3 /* AddPlaceVC.swift */ = {isa = PBXFileReference; lastKnownFileType = sourcecode.swift; path = AddPlaceVC.swift; sourceTree = "<group>"; };
		8E9BA11F2995224C00F319F3 /* MapVC.swift */ = {isa = PBXFileReference; lastKnownFileType = sourcecode.swift; path = MapVC.swift; sourceTree = "<group>"; };
		8E9BA121299525F900F319F3 /* DetailVC.swift */ = {isa = PBXFileReference; lastKnownFileType = sourcecode.swift; path = DetailVC.swift; sourceTree = "<group>"; };
		8E9BA12329952AC600F319F3 /* PlaceModel.swift */ = {isa = PBXFileReference; lastKnownFileType = sourcecode.swift; path = PlaceModel.swift; sourceTree = "<group>"; };
		CB972058198965899CB6F87E /* Pods-FourSquareClonePod.release.xcconfig */ = {isa = PBXFileReference; includeInIndex = 1; lastKnownFileType = text.xcconfig; name = "Pods-FourSquareClonePod.release.xcconfig"; path = "Target Support Files/Pods-FourSquareClonePod/Pods-FourSquareClonePod.release.xcconfig"; sourceTree = "<group>"; };
/* End PBXFileReference section */

/* Begin PBXFrameworksBuildPhase section */
		8E9BA0FF2994FB0300F319F3 /* Frameworks */ = {
			isa = PBXFrameworksBuildPhase;
			buildActionMask = 2147483647;
			files = (
				BBBB6B1F98C8AD0637E2FB4D /* Pods_FourSquareClonePod.framework in Frameworks */,
			);
			runOnlyForDeploymentPostprocessing = 0;
		};
/* End PBXFrameworksBuildPhase section */

/* Begin PBXGroup section */
		68DA78FD065508CC2302A9A0 /* Frameworks */ = {
			isa = PBXGroup;
			children = (
				8E9BA1192994FEA800F319F3 /* ParseSwift.framework */,
				15479B3947A536B819EA074C /* Pods_FourSquareClonePod.framework */,
			);
			name = Frameworks;
			sourceTree = "<group>";
		};
		72C0814EE5A6EDFC04069A3C /* Pods */ = {
			isa = PBXGroup;
			children = (
				5CF396C3B3CFA626079F4F14 /* Pods-FourSquareClonePod.debug.xcconfig */,
				CB972058198965899CB6F87E /* Pods-FourSquareClonePod.release.xcconfig */,
			);
			path = Pods;
			sourceTree = "<group>";
		};
		8E9BA0F92994FB0300F319F3 = {
			isa = PBXGroup;
			children = (
				8E9BA1042994FB0300F319F3 /* FourSquareClonePod */,
				8E9BA1032994FB0300F319F3 /* Products */,
				72C0814EE5A6EDFC04069A3C /* Pods */,
				68DA78FD065508CC2302A9A0 /* Frameworks */,
			);
			sourceTree = "<group>";
		};
		8E9BA1032994FB0300F319F3 /* Products */ = {
			isa = PBXGroup;
			children = (
				8E9BA1022994FB0300F319F3 /* FourSquareClonePod.app */,
			);
			name = Products;
			sourceTree = "<group>";
		};
		8E9BA1042994FB0300F319F3 /* FourSquareClonePod */ = {
			isa = PBXGroup;
			children = (
				8E9BA1052994FB0300F319F3 /* AppDelegate.swift */,
				8E9BA1072994FB0300F319F3 /* SceneDelegate.swift */,
				8E9BA1092994FB0300F319F3 /* SignUpVC.swift */,
				8E9BA11B2995198500F319F3 /* PlacesVC.swift */,
				8E9BA11D2995215E00F319F3 /* AddPlaceVC.swift */,
				8E9BA11F2995224C00F319F3 /* MapVC.swift */,
				8E9BA121299525F900F319F3 /* DetailVC.swift */,
				8E9BA12329952AC600F319F3 /* PlaceModel.swift */,
				8E9BA10B2994FB0300F319F3 /* Main.storyboard */,
				8E9BA10E2994FB0400F319F3 /* Assets.xcassets */,
				8E9BA1102994FB0400F319F3 /* LaunchScreen.storyboard */,
				8E9BA1132994FB0400F319F3 /* Info.plist */,
			);
			path = FourSquareClonePod;
			sourceTree = "<group>";
		};
/* End PBXGroup section */

/* Begin PBXNativeTarget section */
		8E9BA1012994FB0300F319F3 /* FourSquareClonePod */ = {
			isa = PBXNativeTarget;
			buildConfigurationList = 8E9BA1162994FB0400F319F3 /* Build configuration list for PBXNativeTarget "FourSquareClonePod" */;
			buildPhases = (
				C9412492D2731E9E58DBFB34 /* [CP] Check Pods Manifest.lock */,
				8E9BA0FE2994FB0300F319F3 /* Sources */,
				8E9BA0FF2994FB0300F319F3 /* Frameworks */,
				8E9BA1002994FB0300F319F3 /* Resources */,
				E4F8BD107AD8E15264E9C3A4 /* [CP] Embed Pods Frameworks */,
			);
			buildRules = (
			);
			dependencies = (
			);
			name = FourSquareClonePod;
			productName = FourSquareClonePod;
			productReference = 8E9BA1022994FB0300F319F3 /* FourSquareClonePod.app */;
			productType = "com.apple.product-type.application";
		};
/* End PBXNativeTarget section */

/* Begin PBXProject section */
		8E9BA0FA2994FB0300F319F3 /* Project object */ = {
			isa = PBXProject;
			attributes = {
				BuildIndependentTargetsInParallel = 1;
				LastSwiftUpdateCheck = 1420;
				LastUpgradeCheck = 1420;
				TargetAttributes = {
					8E9BA1012994FB0300F319F3 = {
						CreatedOnToolsVersion = 14.2;
					};
				};
			};
			buildConfigurationList = 8E9BA0FD2994FB0300F319F3 /* Build configuration list for PBXProject "FourSquareClonePod" */;
			compatibilityVersion = "Xcode 14.0";
			developmentRegion = en;
			hasScannedForEncodings = 0;
			knownRegions = (
				en,
				Base,
			);
			mainGroup = 8E9BA0F92994FB0300F319F3;
			productRefGroup = 8E9BA1032994FB0300F319F3 /* Products */;
			projectDirPath = "";
			projectRoot = "";
			targets = (
				8E9BA1012994FB0300F319F3 /* FourSquareClonePod */,
			);
		};
/* End PBXProject section */

/* Begin PBXResourcesBuildPhase section */
		8E9BA1002994FB0300F319F3 /* Resources */ = {
			isa = PBXResourcesBuildPhase;
			buildActionMask = 2147483647;
			files = (
				8E9BA1122994FB0400F319F3 /* LaunchScreen.storyboard in Resources */,
				8E9BA10F2994FB0400F319F3 /* Assets.xcassets in Resources */,
				8E9BA10D2994FB0300F319F3 /* Main.storyboard in Resources */,
			);
			runOnlyForDeploymentPostprocessing = 0;
		};
/* End PBXResourcesBuildPhase section */

/* Begin PBXShellScriptBuildPhase section */
		C9412492D2731E9E58DBFB34 /* [CP] Check Pods Manifest.lock */ = {
			isa = PBXShellScriptBuildPhase;
			buildActionMask = 2147483647;
			files = (
			);
			inputFileListPaths = (
			);
			inputPaths = (
				"${PODS_PODFILE_DIR_PATH}/Podfile.lock",
				"${PODS_ROOT}/Manifest.lock",
			);
			name = "[CP] Check Pods Manifest.lock";
			outputFileListPaths = (
			);
			outputPaths = (
				"$(DERIVED_FILE_DIR)/Pods-FourSquareClonePod-checkManifestLockResult.txt",
			);
			runOnlyForDeploymentPostprocessing = 0;
			shellPath = /bin/sh;
			shellScript = "diff \"${PODS_PODFILE_DIR_PATH}/Podfile.lock\" \"${PODS_ROOT}/Manifest.lock\" > /dev/null\nif [ $? != 0 ] ; then\n    # print error to STDERR\n    echo \"error: The sandbox is not in sync with the Podfile.lock. Run 'pod install' or update your CocoaPods installation.\" >&2\n    exit 1\nfi\n# This output is used by Xcode 'outputs' to avoid re-running this script phase.\necho \"SUCCESS\" > \"${SCRIPT_OUTPUT_FILE_0}\"\n";
			showEnvVarsInLog = 0;
		};
		E4F8BD107AD8E15264E9C3A4 /* [CP] Embed Pods Frameworks */ = {
			isa = PBXShellScriptBuildPhase;
			buildActionMask = 2147483647;
			files = (
			);
			inputFileListPaths = (
				"${PODS_ROOT}/Target Support Files/Pods-FourSquareClonePod/Pods-FourSquareClonePod-frameworks-${CONFIGURATION}-input-files.xcfilelist",
			);
			name = "[CP] Embed Pods Frameworks";
			outputFileListPaths = (
				"${PODS_ROOT}/Target Support Files/Pods-FourSquareClonePod/Pods-FourSquareClonePod-frameworks-${CONFIGURATION}-output-files.xcfilelist",
			);
			runOnlyForDeploymentPostprocessing = 0;
			shellPath = /bin/sh;
			shellScript = "\"${PODS_ROOT}/Target Support Files/Pods-FourSquareClonePod/Pods-FourSquareClonePod-frameworks.sh\"\n";
			showEnvVarsInLog = 0;
		};
/* End PBXShellScriptBuildPhase section */

/* Begin PBXSourcesBuildPhase section */
		8E9BA0FE2994FB0300F319F3 /* Sources */ = {
			isa = PBXSourcesBuildPhase;
			buildActionMask = 2147483647;
			files = (
				8E9BA10A2994FB0300F319F3 /* SignUpVC.swift in Sources */,
				8E9BA12429952AC600F319F3 /* PlaceModel.swift in Sources */,
				8E9BA1202995224C00F319F3 /* MapVC.swift in Sources */,
				8E9BA1062994FB0300F319F3 /* AppDelegate.swift in Sources */,
				8E9BA11C2995198500F319F3 /* PlacesVC.swift in Sources */,
				8E9BA11E2995215E00F319F3 /* AddPlaceVC.swift in Sources */,
				8E9BA1082994FB0300F319F3 /* SceneDelegate.swift in Sources */,
				8E9BA122299525F900F319F3 /* DetailVC.swift in Sources */,
			);
			runOnlyForDeploymentPostprocessing = 0;
		};
/* End PBXSourcesBuildPhase section */

/* Begin PBXVariantGroup section */
		8E9BA10B2994FB0300F319F3 /* Main.storyboard */ = {
			isa = PBXVariantGroup;
			children = (
				8E9BA10C2994FB0300F319F3 /* Base */,
			);
			name = Main.storyboard;
			sourceTree = "<group>";
		};
		8E9BA1102994FB0400F319F3 /* LaunchScreen.storyboard */ = {
			isa = PBXVariantGroup;
			children = (
				8E9BA1112994FB0400F319F3 /* Base */,
			);
			name = LaunchScreen.storyboard;
			sourceTree = "<group>";
		};
/* End PBXVariantGroup section */

/* Begin XCBuildConfiguration section */
		8E9BA1142994FB0400F319F3 /* Debug */ = {
			isa = XCBuildConfiguration;
			buildSettings = {
				ALWAYS_SEARCH_USER_PATHS = NO;
				CLANG_ANALYZER_NONNULL = YES;
				CLANG_ANALYZER_NUMBER_OBJECT_CONVERSION = YES_AGGRESSIVE;
				CLANG_CXX_LANGUAGE_STANDARD = "gnu++20";
				CLANG_ENABLE_MODULES = YES;
				CLANG_ENABLE_OBJC_ARC = YES;
				CLANG_ENABLE_OBJC_WEAK = YES;
				CLANG_WARN_BLOCK_CAPTURE_AUTORELEASING = YES;
				CLANG_WARN_BOOL_CONVERSION = YES;
				CLANG_WARN_COMMA = YES;
				CLANG_WARN_CONSTANT_CONVERSION = YES;
				CLANG_WARN_DEPRECATED_OBJC_IMPLEMENTATIONS = YES;
				CLANG_WARN_DIRECT_OBJC_ISA_USAGE = YES_ERROR;
				CLANG_WARN_DOCUMENTATION_COMMENTS = YES;
				CLANG_WARN_EMPTY_BODY = YES;
				CLANG_WARN_ENUM_CONVERSION = YES;
				CLANG_WARN_INFINITE_RECURSION = YES;
				CLANG_WARN_INT_CONVERSION = YES;
				CLANG_WARN_NON_LITERAL_NULL_CONVERSION = YES;
				CLANG_WARN_OBJC_IMPLICIT_RETAIN_SELF = YES;
				CLANG_WARN_OBJC_LITERAL_CONVERSION = YES;
				CLANG_WARN_OBJC_ROOT_CLASS = YES_ERROR;
				CLANG_WARN_QUOTED_INCLUDE_IN_FRAMEWORK_HEADER = YES;
				CLANG_WARN_RANGE_LOOP_ANALYSIS = YES;
				CLANG_WARN_STRICT_PROTOTYPES = YES;
				CLANG_WARN_SUSPICIOUS_MOVE = YES;
				CLANG_WARN_UNGUARDED_AVAILABILITY = YES_AGGRESSIVE;
				CLANG_WARN_UNREACHABLE_CODE = YES;
				CLANG_WARN__DUPLICATE_METHOD_MATCH = YES;
				COPY_PHASE_STRIP = NO;
				DEBUG_INFORMATION_FORMAT = dwarf;
				ENABLE_STRICT_OBJC_MSGSEND = YES;
				ENABLE_TESTABILITY = YES;
				GCC_C_LANGUAGE_STANDARD = gnu11;
				GCC_DYNAMIC_NO_PIC = NO;
				GCC_NO_COMMON_BLOCKS = YES;
				GCC_OPTIMIZATION_LEVEL = 0;
				GCC_PREPROCESSOR_DEFINITIONS = (
					"DEBUG=1",
					"$(inherited)",
				);
				GCC_WARN_64_TO_32_BIT_CONVERSION = YES;
				GCC_WARN_ABOUT_RETURN_TYPE = YES_ERROR;
				GCC_WARN_UNDECLARED_SELECTOR = YES;
				GCC_WARN_UNINITIALIZED_AUTOS = YES_AGGRESSIVE;
				GCC_WARN_UNUSED_FUNCTION = YES;
				GCC_WARN_UNUSED_VARIABLE = YES;
				IPHONEOS_DEPLOYMENT_TARGET = 16.2;
				MTL_ENABLE_DEBUG_INFO = INCLUDE_SOURCE;
				MTL_FAST_MATH = YES;
				ONLY_ACTIVE_ARCH = YES;
				SDKROOT = iphoneos;
				SWIFT_ACTIVE_COMPILATION_CONDITIONS = DEBUG;
				SWIFT_OPTIMIZATION_LEVEL = "-Onone";
			};
			name = Debug;
		};
		8E9BA1152994FB0400F319F3 /* Release */ = {
			isa = XCBuildConfiguration;
			buildSettings = {
				ALWAYS_SEARCH_USER_PATHS = NO;
				CLANG_ANALYZER_NONNULL = YES;
				CLANG_ANALYZER_NUMBER_OBJECT_CONVERSION = YES_AGGRESSIVE;
				CLANG_CXX_LANGUAGE_STANDARD = "gnu++20";
				CLANG_ENABLE_MODULES = YES;
				CLANG_ENABLE_OBJC_ARC = YES;
				CLANG_ENABLE_OBJC_WEAK = YES;
				CLANG_WARN_BLOCK_CAPTURE_AUTORELEASING = YES;
				CLANG_WARN_BOOL_CONVERSION = YES;
				CLANG_WARN_COMMA = YES;
				CLANG_WARN_CONSTANT_CONVERSION = YES;
				CLANG_WARN_DEPRECATED_OBJC_IMPLEMENTATIONS = YES;
				CLANG_WARN_DIRECT_OBJC_ISA_USAGE = YES_ERROR;
				CLANG_WARN_DOCUMENTATION_COMMENTS = YES;
				CLANG_WARN_EMPTY_BODY = YES;
				CLANG_WARN_ENUM_CONVERSION = YES;
				CLANG_WARN_INFINITE_RECURSION = YES;
				CLANG_WARN_INT_CONVERSION = YES;
				CLANG_WARN_NON_LITERAL_NULL_CONVERSION = YES;
				CLANG_WARN_OBJC_IMPLICIT_RETAIN_SELF = YES;
				CLANG_WARN_OBJC_LITERAL_CONVERSION = YES;
				CLANG_WARN_OBJC_ROOT_CLASS = YES_ERROR;
				CLANG_WARN_QUOTED_INCLUDE_IN_FRAMEWORK_HEADER = YES;
				CLANG_WARN_RANGE_LOOP_ANALYSIS = YES;
				CLANG_WARN_STRICT_PROTOTYPES = YES;
				CLANG_WARN_SUSPICIOUS_MOVE = YES;
				CLANG_WARN_UNGUARDED_AVAILABILITY = YES_AGGRESSIVE;
				CLANG_WARN_UNREACHABLE_CODE = YES;
				CLANG_WARN__DUPLICATE_METHOD_MATCH = YES;
				COPY_PHASE_STRIP = NO;
				DEBUG_INFORMATION_FORMAT = "dwarf-with-dsym";
				ENABLE_NS_ASSERTIONS = NO;
				ENABLE_STRICT_OBJC_MSGSEND = YES;
				GCC_C_LANGUAGE_STANDARD = gnu11;
				GCC_NO_COMMON_BLOCKS = YES;
				GCC_WARN_64_TO_32_BIT_CONVERSION = YES;
				GCC_WARN_ABOUT_RETURN_TYPE = YES_ERROR;
				GCC_WARN_UNDECLARED_SELECTOR = YES;
				GCC_WARN_UNINITIALIZED_AUTOS = YES_AGGRESSIVE;
				GCC_WARN_UNUSED_FUNCTION = YES;
				GCC_WARN_UNUSED_VARIABLE = YES;
				IPHONEOS_DEPLOYMENT_TARGET = 16.2;
				MTL_ENABLE_DEBUG_INFO = NO;
				MTL_FAST_MATH = YES;
				SDKROOT = iphoneos;
				SWIFT_COMPILATION_MODE = wholemodule;
				SWIFT_OPTIMIZATION_LEVEL = "-O";
				VALIDATE_PRODUCT = YES;
			};
			name = Release;
		};
		8E9BA1172994FB0400F319F3 /* Debug */ = {
			isa = XCBuildConfiguration;
			baseConfigurationReference = 5CF396C3B3CFA626079F4F14 /* Pods-FourSquareClonePod.debug.xcconfig */;
			buildSettings = {
				ASSETCATALOG_COMPILER_APPICON_NAME = AppIcon;
				ASSETCATALOG_COMPILER_GLOBAL_ACCENT_COLOR_NAME = AccentColor;
				CODE_SIGN_STYLE = Automatic;
				CURRENT_PROJECT_VERSION = 1;
				DEVELOPMENT_TEAM = 299Q378TXP;
				GENERATE_INFOPLIST_FILE = YES;
				INFOPLIST_FILE = FourSquareClonePod/Info.plist;
				INFOPLIST_KEY_UIApplicationSupportsIndirectInputEvents = YES;
				INFOPLIST_KEY_UILaunchStoryboardName = LaunchScreen;
				INFOPLIST_KEY_UIMainStoryboardFile = Main;
				INFOPLIST_KEY_UISupportedInterfaceOrientations_iPad = "UIInterfaceOrientationPortrait UIInterfaceOrientationPortraitUpsideDown UIInterfaceOrientationLandscapeLeft UIInterfaceOrientationLandscapeRight";
				INFOPLIST_KEY_UISupportedInterfaceOrientations_iPhone = "UIInterfaceOrientationPortrait UIInterfaceOrientationLandscapeLeft UIInterfaceOrientationLandscapeRight";
				LD_RUNPATH_SEARCH_PATHS = (
					"$(inherited)",
					"@executable_path/Frameworks",
				);
				MARKETING_VERSION = 1.0;
				PRODUCT_BUNDLE_IDENTIFIER = info.FourSquareClonePod;
				PRODUCT_NAME = "$(TARGET_NAME)";
				SWIFT_EMIT_LOC_STRINGS = YES;
				SWIFT_VERSION = 5.0;
				TARGETED_DEVICE_FAMILY = "1,2";
			};
			name = Debug;
		};
		8E9BA1182994FB0400F319F3 /* Release */ = {
			isa = XCBuildConfiguration;
			baseConfigurationReference = CB972058198965899CB6F87E /* Pods-FourSquareClonePod.release.xcconfig */;
			buildSettings = {
				ASSETCATALOG_COMPILER_APPICON_NAME = AppIcon;
				ASSETCATALOG_COMPILER_GLOBAL_ACCENT_COLOR_NAME = AccentColor;
				CODE_SIGN_STYLE = Automatic;
				CURRENT_PROJECT_VERSION = 1;
				DEVELOPMENT_TEAM = 299Q378TXP;
				GENERATE_INFOPLIST_FILE = YES;
				INFOPLIST_FILE = FourSquareClonePod/Info.plist;
				INFOPLIST_KEY_UIApplicationSupportsIndirectInputEvents = YES;
				INFOPLIST_KEY_UILaunchStoryboardName = LaunchScreen;
				INFOPLIST_KEY_UIMainStoryboardFile = Main;
				INFOPLIST_KEY_UISupportedInterfaceOrientations_iPad = "UIInterfaceOrientationPortrait UIInterfaceOrientationPortraitUpsideDown UIInterfaceOrientationLandscapeLeft UIInterfaceOrientationLandscapeRight";
				INFOPLIST_KEY_UISupportedInterfaceOrientations_iPhone = "UIInterfaceOrientationPortrait UIInterfaceOrientationLandscapeLeft UIInterfaceOrientationLandscapeRight";
				LD_RUNPATH_SEARCH_PATHS = (
					"$(inherited)",
					"@executable_path/Frameworks",
				);
				MARKETING_VERSION = 1.0;
				PRODUCT_BUNDLE_IDENTIFIER = info.FourSquareClonePod;
				PRODUCT_NAME = "$(TARGET_NAME)";
				SWIFT_EMIT_LOC_STRINGS = YES;
				SWIFT_VERSION = 5.0;
				TARGETED_DEVICE_FAMILY = "1,2";
			};
			name = Release;
		};
/* End XCBuildConfiguration section */

/* Begin XCConfigurationList section */
		8E9BA0FD2994FB0300F319F3 /* Build configuration list for PBXProject "FourSquareClonePod" */ = {
			isa = XCConfigurationList;
			buildConfigurations = (
				8E9BA1142994FB0400F319F3 /* Debug */,
				8E9BA1152994FB0400F319F3 /* Release */,
			);
			defaultConfigurationIsVisible = 0;
			defaultConfigurationName = Release;
		};
		8E9BA1162994FB0400F319F3 /* Build configuration list for PBXNativeTarget "FourSquareClonePod" */ = {
			isa = XCConfigurationList;
			buildConfigurations = (
				8E9BA1172994FB0400F319F3 /* Debug */,
				8E9BA1182994FB0400F319F3 /* Release */,
			);
			defaultConfigurationIsVisible = 0;
			defaultConfigurationName = Release;
		};
/* End XCConfigurationList section */
	};
	rootObject = 8E9BA0FA2994FB0300F319F3 /* Project object */;
}
